
Microsoft Visual Studio Solution File, Format Version 12.00
# Visual Studio Version 16
VisualStudioVersion = 16.0.29424.173
MinimumVisualStudioVersion = 10.0.40219.1
Project("{FAE04EC0-301F-11D3-BF4B-00C04F79EFBC}") = "SuperAdventure", "SuperAdventure\SuperAdventure.csproj", "{DD9A2E24-BF31-404F-A6CB-A4B937B8346A}"
EndProject
Project("{FAE04EC0-301F-11D3-BF4B-00C04F79EFBC}") = "Engine", "Engine\Engine.csproj", "{DEF2E752-FFC3-4C57-8DF8-ACB7425D1E8F}"
EndProject
Global
	GlobalSection(SolutionConfigurationPlatforms) = preSolution
		Debug|Any CPU = Debug|Any CPU
		Release|Any CPU = Release|Any CPU
	EndGlobalSection
	GlobalSection(ProjectConfigurationPlatforms) = postSolution
		{DD9A2E24-BF31-404F-A6CB-A4B937B8346A}.Debug|Any CPU.ActiveCfg = Debug|Any CPU
		{DD9A2E24-BF31-404F-A6CB-A4B937B8346A}.Debug|Any CPU.Build.0 = Debug|Any CPU
		{DD9A2E24-BF31-404F-A6CB-A4B937B8346A}.Release|Any CPU.ActiveCfg = Release|Any CPU
		{DD9A2E24-BF31-404F-A6CB-A4B937B8346A}.Release|Any CPU.Build.0 = Release|Any CPU
		{DEF2E752-FFC3-4C57-8DF8-ACB7425D1E8F}.Debug|Any CPU.ActiveCfg = Debug|Any CPU
		{DEF2E752-FFC3-4C57-8DF8-ACB7425D1E8F}.Debug|Any CPU.Build.0 = Debug|Any CPU
		{DEF2E752-FFC3-4C57-8DF8-ACB7425D1E8F}.Release|Any CPU.ActiveCfg = Release|Any CPU
		{DEF2E752-FFC3-4C57-8DF8-ACB7425D1E8F}.Release|Any CPU.Build.0 = Release|Any CPU
	EndGlobalSection
	GlobalSection(SolutionProperties) = preSolution
		HideSolutionNode = FALSE
	EndGlobalSection
	GlobalSection(ExtensibilityGlobals) = postSolution
		SolutionGuid = {83BA1D33-E5B4-4EA6-802C-6396FD665D78}
	EndGlobalSection
EndGlobal
